// !$*UTF8*$!
{
	archiveVersion = 1;
	classes = {
	};
	objectVersion = 56;
	objects = {

/* Begin PBXBuildFile section */
		ACAC1BA829E1B94100A0C8A6 /* Hacker_News_Reader_SwiftUIApp.swift in Sources */ = {isa = PBXBuildFile; fileRef = ACAC1BA729E1B94100A0C8A6 /* Hacker_News_Reader_SwiftUIApp.swift */; };
		ACAC1BAA29E1B94100A0C8A6 /* ContentView.swift in Sources */ = {isa = PBXBuildFile; fileRef = ACAC1BA929E1B94100A0C8A6 /* ContentView.swift */; };
		ACAC1BAC29E1B94200A0C8A6 /* Assets.xcassets in Resources */ = {isa = PBXBuildFile; fileRef = ACAC1BAB29E1B94200A0C8A6 /* Assets.xcassets */; };
		ACAC1BAF29E1B94200A0C8A6 /* Preview Assets.xcassets in Resources */ = {isa = PBXBuildFile; fileRef = ACAC1BAE29E1B94200A0C8A6 /* Preview Assets.xcassets */; };
		ACAC1BB729E1C5B400A0C8A6 /* NetworkManager.swift in Sources */ = {isa = PBXBuildFile; fileRef = ACAC1BB629E1C5B400A0C8A6 /* NetworkManager.swift */; };
		ACAC1BB929E1C9B900A0C8A6 /* PostData.swift in Sources */ = {isa = PBXBuildFile; fileRef = ACAC1BB829E1C9B900A0C8A6 /* PostData.swift */; };
		ACAC1BBC29E1F72400A0C8A6 /* DetailView.swift in Sources */ = {isa = PBXBuildFile; fileRef = ACAC1BBB29E1F72400A0C8A6 /* DetailView.swift */; };
		ACAC1BBE29E1FC2D00A0C8A6 /* WebView.swift in Sources */ = {isa = PBXBuildFile; fileRef = ACAC1BBD29E1FC2D00A0C8A6 /* WebView.swift */; };
		ACDCB18829E202E700F26C15 /* .gitignore in Resources */ = {isa = PBXBuildFile; fileRef = ACDCB18729E202E700F26C15 /* .gitignore */; };
		ACDCB18A29E2031B00F26C15 /* Readme.md in Resources */ = {isa = PBXBuildFile; fileRef = ACDCB18929E2031B00F26C15 /* Readme.md */; };
/* End PBXBuildFile section */

/* Begin PBXFileReference section */
		ACAC1BA429E1B94100A0C8A6 /* Hacker News Reader SwiftUI.app */ = {isa = PBXFileReference; explicitFileType = wrapper.application; includeInIndex = 0; path = "Hacker News Reader SwiftUI.app"; sourceTree = BUILT_PRODUCTS_DIR; };
		ACAC1BA729E1B94100A0C8A6 /* Hacker_News_Reader_SwiftUIApp.swift */ = {isa = PBXFileReference; lastKnownFileType = sourcecode.swift; path = Hacker_News_Reader_SwiftUIApp.swift; sourceTree = "<group>"; };
		ACAC1BA929E1B94100A0C8A6 /* ContentView.swift */ = {isa = PBXFileReference; lastKnownFileType = sourcecode.swift; path = ContentView.swift; sourceTree = "<group>"; };
		ACAC1BAB29E1B94200A0C8A6 /* Assets.xcassets */ = {isa = PBXFileReference; lastKnownFileType = folder.assetcatalog; path = Assets.xcassets; sourceTree = "<group>"; };
		ACAC1BAE29E1B94200A0C8A6 /* Preview Assets.xcassets */ = {isa = PBXFileReference; lastKnownFileType = folder.assetcatalog; path = "Preview Assets.xcassets"; sourceTree = "<group>"; };
		ACAC1BB629E1C5B400A0C8A6 /* NetworkManager.swift */ = {isa = PBXFileReference; lastKnownFileType = sourcecode.swift; path = NetworkManager.swift; sourceTree = "<group>"; };
		ACAC1BB829E1C9B900A0C8A6 /* PostData.swift */ = {isa = PBXFileReference; lastKnownFileType = sourcecode.swift; path = PostData.swift; sourceTree = "<group>"; };
		ACAC1BBB29E1F72400A0C8A6 /* DetailView.swift */ = {isa = PBXFileReference; lastKnownFileType = sourcecode.swift; path = DetailView.swift; sourceTree = "<group>"; };
		ACAC1BBD29E1FC2D00A0C8A6 /* WebView.swift */ = {isa = PBXFileReference; lastKnownFileType = sourcecode.swift; path = WebView.swift; sourceTree = "<group>"; };
		ACDCB18729E202E700F26C15 /* .gitignore */ = {isa = PBXFileReference; lastKnownFileType = text; path = .gitignore; sourceTree = "<group>"; };
		ACDCB18929E2031B00F26C15 /* Readme.md */ = {isa = PBXFileReference; lastKnownFileType = net.daringfireball.markdown; path = Readme.md; sourceTree = "<group>"; };
/* End PBXFileReference section */

/* Begin PBXFrameworksBuildPhase section */
		ACAC1BA129E1B94100A0C8A6 /* Frameworks */ = {
			isa = PBXFrameworksBuildPhase;
			buildActionMask = 2147483647;
			files = (
			);
			runOnlyForDeploymentPostprocessing = 0;
		};
/* End PBXFrameworksBuildPhase section */

/* Begin PBXGroup section */
		ACAC1B9B29E1B94100A0C8A6 = {
			isa = PBXGroup;
			children = (
				ACDCB18929E2031B00F26C15 /* Readme.md */,
				ACDCB18729E202E700F26C15 /* .gitignore */,
				ACAC1BA629E1B94100A0C8A6 /* Hacker News Reader SwiftUI */,
				ACAC1BA529E1B94100A0C8A6 /* Products */,
			);
			sourceTree = "<group>";
		};
		ACAC1BA529E1B94100A0C8A6 /* Products */ = {
			isa = PBXGroup;
			children = (
				ACAC1BA429E1B94100A0C8A6 /* Hacker News Reader SwiftUI.app */,
			);
			name = Products;
			sourceTree = "<group>";
		};
		ACAC1BA629E1B94100A0C8A6 /* Hacker News Reader SwiftUI */ = {
			isa = PBXGroup;
			children = (
				ACAC1BB529E1C59D00A0C8A6 /* Models */,
				ACAC1BA729E1B94100A0C8A6 /* Hacker_News_Reader_SwiftUIApp.swift */,
				ACAC1BBA29E1F6EC00A0C8A6 /* Views */,
				ACAC1BAB29E1B94200A0C8A6 /* Assets.xcassets */,
				ACAC1BAD29E1B94200A0C8A6 /* Preview Content */,
			);
			path = "Hacker News Reader SwiftUI";
			sourceTree = "<group>";
		};
		ACAC1BAD29E1B94200A0C8A6 /* Preview Content */ = {
			isa = PBXGroup;
			children = (
				ACAC1BAE29E1B94200A0C8A6 /* Preview Assets.xcassets */,
			);
			path = "Preview Content";
			sourceTree = "<group>";
		};
		ACAC1BB529E1C59D00A0C8A6 /* Models */ = {
			isa = PBXGroup;
			children = (
				ACAC1BB629E1C5B400A0C8A6 /* NetworkManager.swift */,
				ACAC1BB829E1C9B900A0C8A6 /* PostData.swift */,
			);
			path = Models;
			sourceTree = "<group>";
		};
		ACAC1BBA29E1F6EC00A0C8A6 /* Views */ = {
			isa = PBXGroup;
			children = (
				ACAC1BA929E1B94100A0C8A6 /* ContentView.swift */,
				ACAC1BBB29E1F72400A0C8A6 /* DetailView.swift */,
				ACAC1BBD29E1FC2D00A0C8A6 /* WebView.swift */,
			);
			path = Views;
			sourceTree = "<group>";
		};
/* End PBXGroup section */

/* Begin PBXNativeTarget section */
		ACAC1BA329E1B94100A0C8A6 /* Hacker News Reader SwiftUI */ = {
			isa = PBXNativeTarget;
			buildConfigurationList = ACAC1BB229E1B94200A0C8A6 /* Build configuration list for PBXNativeTarget "Hacker News Reader SwiftUI" */;
			buildPhases = (
				ACAC1BA029E1B94100A0C8A6 /* Sources */,
				ACAC1BA129E1B94100A0C8A6 /* Frameworks */,
				ACAC1BA229E1B94100A0C8A6 /* Resources */,
			);
			buildRules = (
			);
			dependencies = (
			);
			name = "Hacker News Reader SwiftUI";
			productName = "Hacker News Reader SwiftUI";
			productReference = ACAC1BA429E1B94100A0C8A6 /* Hacker News Reader SwiftUI.app */;
			productType = "com.apple.product-type.application";
		};
/* End PBXNativeTarget section */

/* Begin PBXProject section */
		ACAC1B9C29E1B94100A0C8A6 /* Project object */ = {
			isa = PBXProject;
			attributes = {
				BuildIndependentTargetsInParallel = 1;
				LastSwiftUpdateCheck = 1430;
				LastUpgradeCheck = 1430;
				TargetAttributes = {
					ACAC1BA329E1B94100A0C8A6 = {
						CreatedOnToolsVersion = 14.3;
					};
				};
			};
			buildConfigurationList = ACAC1B9F29E1B94100A0C8A6 /* Build configuration list for PBXProject "Hacker News Reader SwiftUI" */;
			compatibilityVersion = "Xcode 14.0";
			developmentRegion = en;
			hasScannedForEncodings = 0;
			knownRegions = (
				en,
				Base,
			);
			mainGroup = ACAC1B9B29E1B94100A0C8A6;
			productRefGroup = ACAC1BA529E1B94100A0C8A6 /* Products */;
			projectDirPath = "";
			projectRoot = "";
			targets = (
				ACAC1BA329E1B94100A0C8A6 /* Hacker News Reader SwiftUI */,
			);
		};
/* End PBXProject section */

/* Begin PBXResourcesBuildPhase section */
		ACAC1BA229E1B94100A0C8A6 /* Resources */ = {
			isa = PBXResourcesBuildPhase;
			buildActionMask = 2147483647;
			files = (
				ACAC1BAF29E1B94200A0C8A6 /* Preview Assets.xcassets in Resources */,
				ACDCB18829E202E700F26C15 /* .gitignore in Resources */,
				ACDCB18A29E2031B00F26C15 /* Readme.md in Resources */,
				ACAC1BAC29E1B94200A0C8A6 /* Assets.xcassets in Resources */,
			);
			runOnlyForDeploymentPostprocessing = 0;
		};
/* End PBXResourcesBuildPhase section */

/* Begin PBXSourcesBuildPhase section */
		ACAC1BA029E1B94100A0C8A6 /* Sources */ = {
			isa = PBXSourcesBuildPhase;
			buildActionMask = 2147483647;
			files = (
				ACAC1BB729E1C5B400A0C8A6 /* NetworkManager.swift in Sources */,
				ACAC1BB929E1C9B900A0C8A6 /* PostData.swift in Sources */,
				ACAC1BAA29E1B94100A0C8A6 /* ContentView.swift in Sources */,
				ACAC1BBE29E1FC2D00A0C8A6 /* WebView.swift in Sources */,
				ACAC1BBC29E1F72400A0C8A6 /* DetailView.swift in Sources */,
				ACAC1BA829E1B94100A0C8A6 /* Hacker_News_Reader_SwiftUIApp.swift in Sources */,
			);
			runOnlyForDeploymentPostprocessing = 0;
		};
/* End PBXSourcesBuildPhase section */

/* Begin XCBuildConfiguration section */
		ACAC1BB029E1B94200A0C8A6 /* Debug */ = {
			isa = XCBuildConfiguration;
			buildSettings = {
				ALWAYS_SEARCH_USER_PATHS = NO;
				CLANG_ANALYZER_NONNULL = YES;
				CLANG_ANALYZER_NUMBER_OBJECT_CONVERSION = YES_AGGRESSIVE;
				CLANG_CXX_LANGUAGE_STANDARD = "gnu++20";
				CLANG_ENABLE_MODULES = YES;
				CLANG_ENABLE_OBJC_ARC = YES;
				CLANG_ENABLE_OBJC_WEAK = YES;
				CLANG_WARN_BLOCK_CAPTURE_AUTORELEASING = YES;
				CLANG_WARN_BOOL_CONVERSION = YES;
				CLANG_WARN_COMMA = YES;
				CLANG_WARN_CONSTANT_CONVERSION = YES;
				CLANG_WARN_DEPRECATED_OBJC_IMPLEMENTATIONS = YES;
				CLANG_WARN_DIRECT_OBJC_ISA_USAGE = YES_ERROR;
				CLANG_WARN_DOCUMENTATION_COMMENTS = YES;
				CLANG_WARN_EMPTY_BODY = YES;
				CLANG_WARN_ENUM_CONVERSION = YES;
				CLANG_WARN_INFINITE_RECURSION = YES;
				CLANG_WARN_INT_CONVERSION = YES;
				CLANG_WARN_NON_LITERAL_NULL_CONVERSION = YES;
				CLANG_WARN_OBJC_IMPLICIT_RETAIN_SELF = YES;
				CLANG_WARN_OBJC_LITERAL_CONVERSION = YES;
				CLANG_WARN_OBJC_ROOT_CLASS = YES_ERROR;
				CLANG_WARN_QUOTED_INCLUDE_IN_FRAMEWORK_HEADER = YES;
				CLANG_WARN_RANGE_LOOP_ANALYSIS = YES;
				CLANG_WARN_STRICT_PROTOTYPES = YES;
				CLANG_WARN_SUSPICIOUS_MOVE = YES;
				CLANG_WARN_UNGUARDED_AVAILABILITY = YES_AGGRESSIVE;
				CLANG_WARN_UNREACHABLE_CODE = YES;
				CLANG_WARN__DUPLICATE_METHOD_MATCH = YES;
				COPY_PHASE_STRIP = NO;
				DEBUG_INFORMATION_FORMAT = dwarf;
				ENABLE_STRICT_OBJC_MSGSEND = YES;
				ENABLE_TESTABILITY = YES;
				GCC_C_LANGUAGE_STANDARD = gnu11;
				GCC_DYNAMIC_NO_PIC = NO;
				GCC_NO_COMMON_BLOCKS = YES;
				GCC_OPTIMIZATION_LEVEL = 0;
				GCC_PREPROCESSOR_DEFINITIONS = (
					"DEBUG=1",
					"$(inherited)",
				);
				GCC_WARN_64_TO_32_BIT_CONVERSION = YES;
				GCC_WARN_ABOUT_RETURN_TYPE = YES_ERROR;
				GCC_WARN_UNDECLARED_SELECTOR = YES;
				GCC_WARN_UNINITIALIZED_AUTOS = YES_AGGRESSIVE;
				GCC_WARN_UNUSED_FUNCTION = YES;
				GCC_WARN_UNUSED_VARIABLE = YES;
				IPHONEOS_DEPLOYMENT_TARGET = 16.4;
				MTL_ENABLE_DEBUG_INFO = INCLUDE_SOURCE;
				MTL_FAST_MATH = YES;
				ONLY_ACTIVE_ARCH = YES;
				SDKROOT = iphoneos;
				SWIFT_ACTIVE_COMPILATION_CONDITIONS = DEBUG;
				SWIFT_OPTIMIZATION_LEVEL = "-Onone";
			};
			name = Debug;
		};
		ACAC1BB129E1B94200A0C8A6 /* Release */ = {
			isa = XCBuildConfiguration;
			buildSettings = {
				ALWAYS_SEARCH_USER_PATHS = NO;
				CLANG_ANALYZER_NONNULL = YES;
				CLANG_ANALYZER_NUMBER_OBJECT_CONVERSION = YES_AGGRESSIVE;
				CLANG_CXX_LANGUAGE_STANDARD = "gnu++20";
				CLANG_ENABLE_MODULES = YES;
				CLANG_ENABLE_OBJC_ARC = YES;
				CLANG_ENABLE_OBJC_WEAK = YES;
				CLANG_WARN_BLOCK_CAPTURE_AUTORELEASING = YES;
				CLANG_WARN_BOOL_CONVERSION = YES;
				CLANG_WARN_COMMA = YES;
				CLANG_WARN_CONSTANT_CONVERSION = YES;
				CLANG_WARN_DEPRECATED_OBJC_IMPLEMENTATIONS = YES;
				CLANG_WARN_DIRECT_OBJC_ISA_USAGE = YES_ERROR;
				CLANG_WARN_DOCUMENTATION_COMMENTS = YES;
				CLANG_WARN_EMPTY_BODY = YES;
				CLANG_WARN_ENUM_CONVERSION = YES;
				CLANG_WARN_INFINITE_RECURSION = YES;
				CLANG_WARN_INT_CONVERSION = YES;
				CLANG_WARN_NON_LITERAL_NULL_CONVERSION = YES;
				CLANG_WARN_OBJC_IMPLICIT_RETAIN_SELF = YES;
				CLANG_WARN_OBJC_LITERAL_CONVERSION = YES;
				CLANG_WARN_OBJC_ROOT_CLASS = YES_ERROR;
				CLANG_WARN_QUOTED_INCLUDE_IN_FRAMEWORK_HEADER = YES;
				CLANG_WARN_RANGE_LOOP_ANALYSIS = YES;
				CLANG_WARN_STRICT_PROTOTYPES = YES;
				CLANG_WARN_SUSPICIOUS_MOVE = YES;
				CLANG_WARN_UNGUARDED_AVAILABILITY = YES_AGGRESSIVE;
				CLANG_WARN_UNREACHABLE_CODE = YES;
				CLANG_WARN__DUPLICATE_METHOD_MATCH = YES;
				COPY_PHASE_STRIP = NO;
				DEBUG_INFORMATION_FORMAT = "dwarf-with-dsym";
				ENABLE_NS_ASSERTIONS = NO;
				ENABLE_STRICT_OBJC_MSGSEND = YES;
				GCC_C_LANGUAGE_STANDARD = gnu11;
				GCC_NO_COMMON_BLOCKS = YES;
				GCC_WARN_64_TO_32_BIT_CONVERSION = YES;
				GCC_WARN_ABOUT_RETURN_TYPE = YES_ERROR;
				GCC_WARN_UNDECLARED_SELECTOR = YES;
				GCC_WARN_UNINITIALIZED_AUTOS = YES_AGGRESSIVE;
				GCC_WARN_UNUSED_FUNCTION = YES;
				GCC_WARN_UNUSED_VARIABLE = YES;
				IPHONEOS_DEPLOYMENT_TARGET = 16.4;
				MTL_ENABLE_DEBUG_INFO = NO;
				MTL_FAST_MATH = YES;
				SDKROOT = iphoneos;
				SWIFT_COMPILATION_MODE = wholemodule;
				SWIFT_OPTIMIZATION_LEVEL = "-O";
				VALIDATE_PRODUCT = YES;
			};
			name = Release;
		};
		ACAC1BB329E1B94200A0C8A6 /* Debug */ = {
			isa = XCBuildConfiguration;
			buildSettings = {
				ASSETCATALOG_COMPILER_APPICON_NAME = AppIcon;
				ASSETCATALOG_COMPILER_GLOBAL_ACCENT_COLOR_NAME = AccentColor;
				CODE_SIGN_STYLE = Automatic;
				CURRENT_PROJECT_VERSION = 1;
				DEVELOPMENT_ASSET_PATHS = "\"Hacker News Reader SwiftUI/Preview Content\"";
				DEVELOPMENT_TEAM = 633JQL2EL2;
				ENABLE_PREVIEWS = YES;
				GENERATE_INFOPLIST_FILE = YES;
				INFOPLIST_KEY_UIApplicationSceneManifest_Generation = YES;
				INFOPLIST_KEY_UIApplicationSupportsIndirectInputEvents = YES;
				INFOPLIST_KEY_UILaunchScreen_Generation = YES;
				INFOPLIST_KEY_UISupportedInterfaceOrientations_iPad = "UIInterfaceOrientationPortrait UIInterfaceOrientationPortraitUpsideDown UIInterfaceOrientationLandscapeLeft UIInterfaceOrientationLandscapeRight";
				INFOPLIST_KEY_UISupportedInterfaceOrientations_iPhone = "UIInterfaceOrientationPortrait UIInterfaceOrientationLandscapeLeft UIInterfaceOrientationLandscapeRight";
				LD_RUNPATH_SEARCH_PATHS = (
					"$(inherited)",
					"@executable_path/Frameworks",
				);
				MARKETING_VERSION = 1.0;
				PRODUCT_BUNDLE_IDENTIFIER = "com.mariokrajacic.Hacker-News-Reader-SwiftUI";
				PRODUCT_NAME = "$(TARGET_NAME)";
				SWIFT_EMIT_LOC_STRINGS = YES;
				SWIFT_VERSION = 5.0;
				TARGETED_DEVICE_FAMILY = "1,2";
			};
			name = Debug;
		};
		ACAC1BB429E1B94200A0C8A6 /* Release */ = {
			isa = XCBuildConfiguration;
			buildSettings = {
				ASSETCATALOG_COMPILER_APPICON_NAME = AppIcon;
				ASSETCATALOG_COMPILER_GLOBAL_ACCENT_COLOR_NAME = AccentColor;
				CODE_SIGN_STYLE = Automatic;
				CURRENT_PROJECT_VERSION = 1;
				DEVELOPMENT_ASSET_PATHS = "\"Hacker News Reader SwiftUI/Preview Content\"";
				DEVELOPMENT_TEAM = 633JQL2EL2;
				ENABLE_PREVIEWS = YES;
				GENERATE_INFOPLIST_FILE = YES;
				INFOPLIST_KEY_UIApplicationSceneManifest_Generation = YES;
				INFOPLIST_KEY_UIApplicationSupportsIndirectInputEvents = YES;
				INFOPLIST_KEY_UILaunchScreen_Generation = YES;
				INFOPLIST_KEY_UISupportedInterfaceOrientations_iPad = "UIInterfaceOrientationPortrait UIInterfaceOrientationPortraitUpsideDown UIInterfaceOrientationLandscapeLeft UIInterfaceOrientationLandscapeRight";
				INFOPLIST_KEY_UISupportedInterfaceOrientations_iPhone = "UIInterfaceOrientationPortrait UIInterfaceOrientationLandscapeLeft UIInterfaceOrientationLandscapeRight";
				LD_RUNPATH_SEARCH_PATHS = (
					"$(inherited)",
					"@executable_path/Frameworks",
				);
				MARKETING_VERSION = 1.0;
				PRODUCT_BUNDLE_IDENTIFIER = "com.mariokrajacic.Hacker-News-Reader-SwiftUI";
				PRODUCT_NAME = "$(TARGET_NAME)";
				SWIFT_EMIT_LOC_STRINGS = YES;
				SWIFT_VERSION = 5.0;
				TARGETED_DEVICE_FAMILY = "1,2";
			};
			name = Release;
		};
/* End XCBuildConfiguration section */

/* Begin XCConfigurationList section */
		ACAC1B9F29E1B94100A0C8A6 /* Build configuration list for PBXProject "Hacker News Reader SwiftUI" */ = {
			isa = XCConfigurationList;
			buildConfigurations = (
				ACAC1BB029E1B94200A0C8A6 /* Debug */,
				ACAC1BB129E1B94200A0C8A6 /* Release */,
			);
			defaultConfigurationIsVisible = 0;
			defaultConfigurationName = Release;
		};
		ACAC1BB229E1B94200A0C8A6 /* Build configuration list for PBXNativeTarget "Hacker News Reader SwiftUI" */ = {
			isa = XCConfigurationList;
			buildConfigurations = (
				ACAC1BB329E1B94200A0C8A6 /* Debug */,
				ACAC1BB429E1B94200A0C8A6 /* Release */,
			);
			defaultConfigurationIsVisible = 0;
			defaultConfigurationName = Release;
		};
/* End XCConfigurationList section */
	};
	rootObject = ACAC1B9C29E1B94100A0C8A6 /* Project object */;
}
